
Microsoft Visual Studio Solution File, Format Version 12.00
# Visual Studio Version 16
VisualStudioVersion = 16.0.31025.194
MinimumVisualStudioVersion = 10.0.40219.1
Project("{9A19103F-16F7-4668-BE54-9A1E7A4F7556}") = "FirstBlazorApp", "FirstBlazorApp.csproj", "{2FA2FFBC-016C-4358-862D-3BED5BCF5DD1}"
EndProject
Global
	GlobalSection(SolutionConfigurationPlatforms) = preSolution
		Debug|Any CPU = Debug|Any CPU
		Release|Any CPU = Release|Any CPU
	EndGlobalSection
	GlobalSection(ProjectConfigurationPlatforms) = postSolution
		{2FA2FFBC-016C-4358-862D-3BED5BCF5DD1}.Debug|Any CPU.ActiveCfg = Debug|Any CPU
		{2FA2FFBC-016C-4358-862D-3BED5BCF5DD1}.Debug|Any CPU.Build.0 = Debug|Any CPU
		{2FA2FFBC-016C-4358-862D-3BED5BCF5DD1}.Release|Any CPU.ActiveCfg = Release|Any CPU
		{2FA2FFBC-016C-4358-862D-3BED5BCF5DD1}.Release|Any CPU.Build.0 = Release|Any CPU
	EndGlobalSection
	GlobalSection(SolutionProperties) = preSolution
		HideSolutionNode = FALSE
	EndGlobalSection
	GlobalSection(ExtensibilityGlobals) = postSolution
		SolutionGuid = {58E42A47-D630-4A7A-9B3D-27B0C9C256B7}
	EndGlobalSection
EndGlobal
